
Microsoft Visual Studio Solution File, Format Version 12.00
# Visual Studio Version 17
VisualStudioVersion = 17.6.33829.357
MinimumVisualStudioVersion = 10.0.40219.1
Project("{FAE04EC0-301F-11D3-BF4B-00C04F79EFBC}") = "WebApIRedArbor", "WebApIRedArbor\WebApIRedArbor.csproj", "{A3EAD304-8FB8-4921-AD98-59B87D31DEBC}"
EndProject
Global
	GlobalSection(SolutionConfigurationPlatforms) = preSolution
		Debug|Any CPU = Debug|Any CPU
		Release|Any CPU = Release|Any CPU
	EndGlobalSection
	GlobalSection(ProjectConfigurationPlatforms) = postSolution
		{A3EAD304-8FB8-4921-AD98-59B87D31DEBC}.Debug|Any CPU.ActiveCfg = Debug|Any CPU
		{A3EAD304-8FB8-4921-AD98-59B87D31DEBC}.Debug|Any CPU.Build.0 = Debug|Any CPU
		{A3EAD304-8FB8-4921-AD98-59B87D31DEBC}.Release|Any CPU.ActiveCfg = Release|Any CPU
		{A3EAD304-8FB8-4921-AD98-59B87D31DEBC}.Release|Any CPU.Build.0 = Release|Any CPU
	EndGlobalSection
	GlobalSection(SolutionProperties) = preSolution
		HideSolutionNode = FALSE
	EndGlobalSection
	GlobalSection(ExtensibilityGlobals) = postSolution
		SolutionGuid = {0D40045A-3C8F-43AA-97C3-632954F076A7}
	EndGlobalSection
EndGlobal
